
Microsoft Visual Studio Solution File, Format Version 12.00
# Visual Studio Version 16
VisualStudioVersion = 16.0.30114.105
MinimumVisualStudioVersion = 10.0.40219.1
Project("{FAE04EC0-301F-11D3-BF4B-00C04F79EFBC}") = "ProEventos.Application", "ProEventos.Application\ProEventos.Application.csproj", "{878FBDDE-C1FD-4E45-90D7-361CDE786912}"
EndProject
Project("{FAE04EC0-301F-11D3-BF4B-00C04F79EFBC}") = "ProEventos.Domain", "ProEventos.Domain\ProEventos.Domain.csproj", "{727AC0B3-E138-4520-873A-F6E963217AC4}"
EndProject
Project("{FAE04EC0-301F-11D3-BF4B-00C04F79EFBC}") = "ProEventos.Persistence", "ProEventos.Persistence\ProEventos.Persistence.csproj", "{F9413F21-44A3-4481-AE27-6580876364DC}"
EndProject
Project("{FAE04EC0-301F-11D3-BF4B-00C04F79EFBC}") = "ProEventos.API", "ProEventos.API\ProEventos.API.csproj", "{0AFDE8AB-98EA-4D56-9E4A-DAA5FEBD419B}"
EndProject
Global
	GlobalSection(SolutionConfigurationPlatforms) = preSolution
		Debug|Any CPU = Debug|Any CPU
		Debug|x64 = Debug|x64
		Debug|x86 = Debug|x86
		Release|Any CPU = Release|Any CPU
		Release|x64 = Release|x64
		Release|x86 = Release|x86
	EndGlobalSection
	GlobalSection(SolutionProperties) = preSolution
		HideSolutionNode = FALSE
	EndGlobalSection
	GlobalSection(ProjectConfigurationPlatforms) = postSolution
		{878FBDDE-C1FD-4E45-90D7-361CDE786912}.Debug|Any CPU.ActiveCfg = Debug|Any CPU
		{878FBDDE-C1FD-4E45-90D7-361CDE786912}.Debug|Any CPU.Build.0 = Debug|Any CPU
		{878FBDDE-C1FD-4E45-90D7-361CDE786912}.Debug|x64.ActiveCfg = Debug|Any CPU
		{878FBDDE-C1FD-4E45-90D7-361CDE786912}.Debug|x64.Build.0 = Debug|Any CPU
		{878FBDDE-C1FD-4E45-90D7-361CDE786912}.Debug|x86.ActiveCfg = Debug|Any CPU
		{878FBDDE-C1FD-4E45-90D7-361CDE786912}.Debug|x86.Build.0 = Debug|Any CPU
		{878FBDDE-C1FD-4E45-90D7-361CDE786912}.Release|Any CPU.ActiveCfg = Release|Any CPU
		{878FBDDE-C1FD-4E45-90D7-361CDE786912}.Release|Any CPU.Build.0 = Release|Any CPU
		{878FBDDE-C1FD-4E45-90D7-361CDE786912}.Release|x64.ActiveCfg = Release|Any CPU
		{878FBDDE-C1FD-4E45-90D7-361CDE786912}.Release|x64.Build.0 = Release|Any CPU
		{878FBDDE-C1FD-4E45-90D7-361CDE786912}.Release|x86.ActiveCfg = Release|Any CPU
		{878FBDDE-C1FD-4E45-90D7-361CDE786912}.Release|x86.Build.0 = Release|Any CPU
		{727AC0B3-E138-4520-873A-F6E963217AC4}.Debug|Any CPU.ActiveCfg = Debug|Any CPU
		{727AC0B3-E138-4520-873A-F6E963217AC4}.Debug|Any CPU.Build.0 = Debug|Any CPU
		{727AC0B3-E138-4520-873A-F6E963217AC4}.Debug|x64.ActiveCfg = Debug|Any CPU
		{727AC0B3-E138-4520-873A-F6E963217AC4}.Debug|x64.Build.0 = Debug|Any CPU
		{727AC0B3-E138-4520-873A-F6E963217AC4}.Debug|x86.ActiveCfg = Debug|Any CPU
		{727AC0B3-E138-4520-873A-F6E963217AC4}.Debug|x86.Build.0 = Debug|Any CPU
		{727AC0B3-E138-4520-873A-F6E963217AC4}.Release|Any CPU.ActiveCfg = Release|Any CPU
		{727AC0B3-E138-4520-873A-F6E963217AC4}.Release|Any CPU.Build.0 = Release|Any CPU
		{727AC0B3-E138-4520-873A-F6E963217AC4}.Release|x64.ActiveCfg = Release|Any CPU
		{727AC0B3-E138-4520-873A-F6E963217AC4}.Release|x64.Build.0 = Release|Any CPU
		{727AC0B3-E138-4520-873A-F6E963217AC4}.Release|x86.ActiveCfg = Release|Any CPU
		{727AC0B3-E138-4520-873A-F6E963217AC4}.Release|x86.Build.0 = Release|Any CPU
		{F9413F21-44A3-4481-AE27-6580876364DC}.Debug|Any CPU.ActiveCfg = Debug|Any CPU
		{F9413F21-44A3-4481-AE27-6580876364DC}.Debug|Any CPU.Build.0 = Debug|Any CPU
		{F9413F21-44A3-4481-AE27-6580876364DC}.Debug|x64.ActiveCfg = Debug|Any CPU
		{F9413F21-44A3-4481-AE27-6580876364DC}.Debug|x64.Build.0 = Debug|Any CPU
		{F9413F21-44A3-4481-AE27-6580876364DC}.Debug|x86.ActiveCfg = Debug|Any CPU
		{F9413F21-44A3-4481-AE27-6580876364DC}.Debug|x86.Build.0 = Debug|Any CPU
		{F9413F21-44A3-4481-AE27-6580876364DC}.Release|Any CPU.ActiveCfg = Release|Any CPU
		{F9413F21-44A3-4481-AE27-6580876364DC}.Release|Any CPU.Build.0 = Release|Any CPU
		{F9413F21-44A3-4481-AE27-6580876364DC}.Release|x64.ActiveCfg = Release|Any CPU
		{F9413F21-44A3-4481-AE27-6580876364DC}.Release|x64.Build.0 = Release|Any CPU
		{F9413F21-44A3-4481-AE27-6580876364DC}.Release|x86.ActiveCfg = Release|Any CPU
		{F9413F21-44A3-4481-AE27-6580876364DC}.Release|x86.Build.0 = Release|Any CPU
		{0AFDE8AB-98EA-4D56-9E4A-DAA5FEBD419B}.Debug|Any CPU.ActiveCfg = Debug|Any CPU
		{0AFDE8AB-98EA-4D56-9E4A-DAA5FEBD419B}.Debug|Any CPU.Build.0 = Debug|Any CPU
		{0AFDE8AB-98EA-4D56-9E4A-DAA5FEBD419B}.Debug|x64.ActiveCfg = Debug|Any CPU
		{0AFDE8AB-98EA-4D56-9E4A-DAA5FEBD419B}.Debug|x64.Build.0 = Debug|Any CPU
		{0AFDE8AB-98EA-4D56-9E4A-DAA5FEBD419B}.Debug|x86.ActiveCfg = Debug|Any CPU
		{0AFDE8AB-98EA-4D56-9E4A-DAA5FEBD419B}.Debug|x86.Build.0 = Debug|Any CPU
		{0AFDE8AB-98EA-4D56-9E4A-DAA5FEBD419B}.Release|Any CPU.ActiveCfg = Release|Any CPU
		{0AFDE8AB-98EA-4D56-9E4A-DAA5FEBD419B}.Release|Any CPU.Build.0 = Release|Any CPU
		{0AFDE8AB-98EA-4D56-9E4A-DAA5FEBD419B}.Release|x64.ActiveCfg = Release|Any CPU
		{0AFDE8AB-98EA-4D56-9E4A-DAA5FEBD419B}.Release|x64.Build.0 = Release|Any CPU
		{0AFDE8AB-98EA-4D56-9E4A-DAA5FEBD419B}.Release|x86.ActiveCfg = Release|Any CPU
		{0AFDE8AB-98EA-4D56-9E4A-DAA5FEBD419B}.Release|x86.Build.0 = Release|Any CPU
	EndGlobalSection
EndGlobal
